
Microsoft Visual Studio Solution File, Format Version 12.00
# Visual Studio Version 17
VisualStudioVersion = 17.0.31903.59
MinimumVisualStudioVersion = 10.0.40219.1
Project("{F2A71F9B-5D33-465A-A702-920D77279786}") = "Workflow", "Workflow\Workflow.fsproj", "{CBD0C352-F0E7-4B11-977C-ACD1F5AE88EC}"
EndProject
Project("{F2A71F9B-5D33-465A-A702-920D77279786}") = "Workflow.Tests", "Workflow.Tests\Workflow.Tests.fsproj", "{0BE4D5AE-3F11-475A-8EE9-CBB2A27CAA73}"
EndProject
Global
	GlobalSection(SolutionConfigurationPlatforms) = preSolution
		Debug|Any CPU = Debug|Any CPU
		Release|Any CPU = Release|Any CPU
	EndGlobalSection
	GlobalSection(SolutionProperties) = preSolution
		HideSolutionNode = FALSE
	EndGlobalSection
	GlobalSection(ProjectConfigurationPlatforms) = postSolution
		{CBD0C352-F0E7-4B11-977C-ACD1F5AE88EC}.Debug|Any CPU.ActiveCfg = Debug|Any CPU
		{CBD0C352-F0E7-4B11-977C-ACD1F5AE88EC}.Debug|Any CPU.Build.0 = Debug|Any CPU
		{CBD0C352-F0E7-4B11-977C-ACD1F5AE88EC}.Release|Any CPU.ActiveCfg = Release|Any CPU
		{CBD0C352-F0E7-4B11-977C-ACD1F5AE88EC}.Release|Any CPU.Build.0 = Release|Any CPU
		{0BE4D5AE-3F11-475A-8EE9-CBB2A27CAA73}.Debug|Any CPU.ActiveCfg = Debug|Any CPU
		{0BE4D5AE-3F11-475A-8EE9-CBB2A27CAA73}.Debug|Any CPU.Build.0 = Debug|Any CPU
		{0BE4D5AE-3F11-475A-8EE9-CBB2A27CAA73}.Release|Any CPU.ActiveCfg = Release|Any CPU
		{0BE4D5AE-3F11-475A-8EE9-CBB2A27CAA73}.Release|Any CPU.Build.0 = Release|Any CPU
	EndGlobalSection
EndGlobal
