
Microsoft Visual Studio Solution File, Format Version 12.00
# Visual Studio Version 17
VisualStudioVersion = 17.0.31903.59
MinimumVisualStudioVersion = 10.0.40219.1
Project("{F2A71F9B-5D33-465A-A702-920D77279786}") = "ParseTree", "ParseTree\ParseTree.fsproj", "{23EDECA7-82FD-474E-B81B-488D78B58DDC}"
EndProject
Project("{F2A71F9B-5D33-465A-A702-920D77279786}") = "ParseTree.Tests", "ParseTree.Tests\ParseTree.Tests.fsproj", "{8828929F-D5E0-42FC-AB82-03756D0911DF}"
EndProject
Global
	GlobalSection(SolutionConfigurationPlatforms) = preSolution
		Debug|Any CPU = Debug|Any CPU
		Release|Any CPU = Release|Any CPU
	EndGlobalSection
	GlobalSection(SolutionProperties) = preSolution
		HideSolutionNode = FALSE
	EndGlobalSection
	GlobalSection(ProjectConfigurationPlatforms) = postSolution
		{23EDECA7-82FD-474E-B81B-488D78B58DDC}.Debug|Any CPU.ActiveCfg = Debug|Any CPU
		{23EDECA7-82FD-474E-B81B-488D78B58DDC}.Debug|Any CPU.Build.0 = Debug|Any CPU
		{23EDECA7-82FD-474E-B81B-488D78B58DDC}.Release|Any CPU.ActiveCfg = Release|Any CPU
		{23EDECA7-82FD-474E-B81B-488D78B58DDC}.Release|Any CPU.Build.0 = Release|Any CPU
		{8828929F-D5E0-42FC-AB82-03756D0911DF}.Debug|Any CPU.ActiveCfg = Debug|Any CPU
		{8828929F-D5E0-42FC-AB82-03756D0911DF}.Debug|Any CPU.Build.0 = Debug|Any CPU
		{8828929F-D5E0-42FC-AB82-03756D0911DF}.Release|Any CPU.ActiveCfg = Release|Any CPU
		{8828929F-D5E0-42FC-AB82-03756D0911DF}.Release|Any CPU.Build.0 = Release|Any CPU
	EndGlobalSection
EndGlobal
