
Microsoft Visual Studio Solution File, Format Version 12.00
# Visual Studio Version 17
VisualStudioVersion = 17.0.31903.59
MinimumVisualStudioVersion = 10.0.40219.1
Project("{F2A71F9B-5D33-465A-A702-920D77279786}") = "PrimeNumbers", "PrimeNumbers\PrimeNumbers.fsproj", "{45112FF6-7B4C-4583-BF9D-D2EEC6722252}"
EndProject
Project("{F2A71F9B-5D33-465A-A702-920D77279786}") = "PrimeNumbers.Tests", "PrimeNumbers.Tests\PrimeNumbers.Tests.fsproj", "{EAEB7F1C-0E19-4D9F-B31F-BED43BDFE114}"
EndProject
Global
	GlobalSection(SolutionConfigurationPlatforms) = preSolution
		Debug|Any CPU = Debug|Any CPU
		Release|Any CPU = Release|Any CPU
	EndGlobalSection
	GlobalSection(SolutionProperties) = preSolution
		HideSolutionNode = FALSE
	EndGlobalSection
	GlobalSection(ProjectConfigurationPlatforms) = postSolution
		{45112FF6-7B4C-4583-BF9D-D2EEC6722252}.Debug|Any CPU.ActiveCfg = Debug|Any CPU
		{45112FF6-7B4C-4583-BF9D-D2EEC6722252}.Debug|Any CPU.Build.0 = Debug|Any CPU
		{45112FF6-7B4C-4583-BF9D-D2EEC6722252}.Release|Any CPU.ActiveCfg = Release|Any CPU
		{45112FF6-7B4C-4583-BF9D-D2EEC6722252}.Release|Any CPU.Build.0 = Release|Any CPU
		{EAEB7F1C-0E19-4D9F-B31F-BED43BDFE114}.Debug|Any CPU.ActiveCfg = Debug|Any CPU
		{EAEB7F1C-0E19-4D9F-B31F-BED43BDFE114}.Debug|Any CPU.Build.0 = Debug|Any CPU
		{EAEB7F1C-0E19-4D9F-B31F-BED43BDFE114}.Release|Any CPU.ActiveCfg = Release|Any CPU
		{EAEB7F1C-0E19-4D9F-B31F-BED43BDFE114}.Release|Any CPU.Build.0 = Release|Any CPU
	EndGlobalSection
EndGlobal
