
Microsoft Visual Studio Solution File, Format Version 12.00
# Visual Studio Version 17
VisualStudioVersion = 17.0.31903.59
MinimumVisualStudioVersion = 10.0.40219.1
Project("{F2A71F9B-5D33-465A-A702-920D77279786}") = "Local_Network", "Local_Network\Local_Network.fsproj", "{F7B1BDB6-DBEB-4EF6-AEAF-6F155AD24FC3}"
EndProject
Project("{F2A71F9B-5D33-465A-A702-920D77279786}") = "Local_Network.Tests", "Local_Network.Tests\Local_Network.Tests.fsproj", "{227A035E-2E66-4BB9-9A49-48E138409558}"
EndProject
Global
	GlobalSection(SolutionConfigurationPlatforms) = preSolution
		Debug|Any CPU = Debug|Any CPU
		Release|Any CPU = Release|Any CPU
	EndGlobalSection
	GlobalSection(SolutionProperties) = preSolution
		HideSolutionNode = FALSE
	EndGlobalSection
	GlobalSection(ProjectConfigurationPlatforms) = postSolution
		{F7B1BDB6-DBEB-4EF6-AEAF-6F155AD24FC3}.Debug|Any CPU.ActiveCfg = Debug|Any CPU
		{F7B1BDB6-DBEB-4EF6-AEAF-6F155AD24FC3}.Debug|Any CPU.Build.0 = Debug|Any CPU
		{F7B1BDB6-DBEB-4EF6-AEAF-6F155AD24FC3}.Release|Any CPU.ActiveCfg = Release|Any CPU
		{F7B1BDB6-DBEB-4EF6-AEAF-6F155AD24FC3}.Release|Any CPU.Build.0 = Release|Any CPU
		{227A035E-2E66-4BB9-9A49-48E138409558}.Debug|Any CPU.ActiveCfg = Debug|Any CPU
		{227A035E-2E66-4BB9-9A49-48E138409558}.Debug|Any CPU.Build.0 = Debug|Any CPU
		{227A035E-2E66-4BB9-9A49-48E138409558}.Release|Any CPU.ActiveCfg = Release|Any CPU
		{227A035E-2E66-4BB9-9A49-48E138409558}.Release|Any CPU.Build.0 = Release|Any CPU
	EndGlobalSection
EndGlobal
