
Microsoft Visual Studio Solution File, Format Version 12.00
# Visual Studio Version 17
VisualStudioVersion = 17.0.31903.59
MinimumVisualStudioVersion = 10.0.40219.1
Project("{FAE04EC0-301F-11D3-BF4B-00C04F79EFBC}") = "t", "t\t.csproj", "{D8631E6C-7D43-404D-9444-6942AC21A464}"
EndProject
Project("{FAE04EC0-301F-11D3-BF4B-00C04F79EFBC}") = "t.Tests", "t.Tests\t.Tests.csproj", "{80D898B2-03F0-46AF-91ED-7E121E0548F0}"
EndProject
Global
	GlobalSection(SolutionConfigurationPlatforms) = preSolution
		Debug|Any CPU = Debug|Any CPU
		Release|Any CPU = Release|Any CPU
	EndGlobalSection
	GlobalSection(SolutionProperties) = preSolution
		HideSolutionNode = FALSE
	EndGlobalSection
	GlobalSection(ProjectConfigurationPlatforms) = postSolution
		{D8631E6C-7D43-404D-9444-6942AC21A464}.Debug|Any CPU.ActiveCfg = Debug|Any CPU
		{D8631E6C-7D43-404D-9444-6942AC21A464}.Debug|Any CPU.Build.0 = Debug|Any CPU
		{D8631E6C-7D43-404D-9444-6942AC21A464}.Release|Any CPU.ActiveCfg = Release|Any CPU
		{D8631E6C-7D43-404D-9444-6942AC21A464}.Release|Any CPU.Build.0 = Release|Any CPU
		{80D898B2-03F0-46AF-91ED-7E121E0548F0}.Debug|Any CPU.ActiveCfg = Debug|Any CPU
		{80D898B2-03F0-46AF-91ED-7E121E0548F0}.Debug|Any CPU.Build.0 = Debug|Any CPU
		{80D898B2-03F0-46AF-91ED-7E121E0548F0}.Release|Any CPU.ActiveCfg = Release|Any CPU
		{80D898B2-03F0-46AF-91ED-7E121E0548F0}.Release|Any CPU.Build.0 = Release|Any CPU
	EndGlobalSection
EndGlobal
